
Microsoft Visual Studio Solution File, Format Version 12.00
# Visual Studio 14
VisualStudioVersion = 14.0.25420.1
MinimumVisualStudioVersion = 10.0.40219.1
Project("{FAE04EC0-301F-11D3-BF4B-00C04F79EFBC}") = "OAuthHMAC.Data", "OAuthHMAC.Data\OAuthHMAC.Data.csproj", "{4C03E98D-760C-4500-915A-EF94834D5EB6}"
EndProject
Project("{FAE04EC0-301F-11D3-BF4B-00C04F79EFBC}") = "OAuthHMAC.Web", "OAuthHMAC.Web\OAuthHMAC.Web.csproj", "{9DDC0BCC-E12E-4CBE-A92D-4AA0C00D61F8}"
EndProject
Project("{FAE04EC0-301F-11D3-BF4B-00C04F79EFBC}") = "OAuthHMAC.Entity", "OAuthHMAC.Entity\OAuthHMAC.Entity.csproj", "{7B91A24F-177F-4622-A160-AED362B3699E}"
EndProject
Project("{FAE04EC0-301F-11D3-BF4B-00C04F79EFBC}") = "OAuthHMAC-Test-Client", "OAuthHMAC.ConsoleApplication\OAuthHMAC-Test-Client.csproj", "{89408EEB-C442-4D0E-B3D2-9A3AEC50F3D4}"
EndProject
Global
	GlobalSection(SolutionConfigurationPlatforms) = preSolution
		Debug|Any CPU = Debug|Any CPU
		Release|Any CPU = Release|Any CPU
	EndGlobalSection
	GlobalSection(ProjectConfigurationPlatforms) = postSolution
		{4C03E98D-760C-4500-915A-EF94834D5EB6}.Debug|Any CPU.ActiveCfg = Debug|Any CPU
		{4C03E98D-760C-4500-915A-EF94834D5EB6}.Debug|Any CPU.Build.0 = Debug|Any CPU
		{4C03E98D-760C-4500-915A-EF94834D5EB6}.Release|Any CPU.ActiveCfg = Release|Any CPU
		{4C03E98D-760C-4500-915A-EF94834D5EB6}.Release|Any CPU.Build.0 = Release|Any CPU
		{9DDC0BCC-E12E-4CBE-A92D-4AA0C00D61F8}.Debug|Any CPU.ActiveCfg = Debug|Any CPU
		{9DDC0BCC-E12E-4CBE-A92D-4AA0C00D61F8}.Debug|Any CPU.Build.0 = Debug|Any CPU
		{9DDC0BCC-E12E-4CBE-A92D-4AA0C00D61F8}.Release|Any CPU.ActiveCfg = Release|Any CPU
		{9DDC0BCC-E12E-4CBE-A92D-4AA0C00D61F8}.Release|Any CPU.Build.0 = Release|Any CPU
		{7B91A24F-177F-4622-A160-AED362B3699E}.Debug|Any CPU.ActiveCfg = Debug|Any CPU
		{7B91A24F-177F-4622-A160-AED362B3699E}.Debug|Any CPU.Build.0 = Debug|Any CPU
		{7B91A24F-177F-4622-A160-AED362B3699E}.Release|Any CPU.ActiveCfg = Release|Any CPU
		{7B91A24F-177F-4622-A160-AED362B3699E}.Release|Any CPU.Build.0 = Release|Any CPU
		{89408EEB-C442-4D0E-B3D2-9A3AEC50F3D4}.Debug|Any CPU.ActiveCfg = Debug|Any CPU
		{89408EEB-C442-4D0E-B3D2-9A3AEC50F3D4}.Debug|Any CPU.Build.0 = Debug|Any CPU
		{89408EEB-C442-4D0E-B3D2-9A3AEC50F3D4}.Release|Any CPU.ActiveCfg = Release|Any CPU
		{89408EEB-C442-4D0E-B3D2-9A3AEC50F3D4}.Release|Any CPU.Build.0 = Release|Any CPU
	EndGlobalSection
	GlobalSection(SolutionProperties) = preSolution
		HideSolutionNode = FALSE
	EndGlobalSection
EndGlobal
